lockfileVersion: '9.0'

settings:
  autoInstallPeers: true
  excludeLinksFromLockfile: false

importers:

  .:
    dependencies:
      js-yaml:
        specifier: ^4.1.0
        version: 4.1.0
      zod:
        specifier: ^3.24.1
        version: 3.24.1
    devDependencies:
      '@types/js-yaml':
        specifier: ^4.0.9
        version: 4.0.9
      '@types/node':
        specifier: ^20.5.0
        version: 20.17.10
      typescript:
        specifier: ^5.1.6
        version: 5.7.2

packages:

  '@types/js-yaml@4.0.9':
    resolution: {integrity: sha512-k4MGaQl5TGo/iipqb2UDG2UwjXziSWkh0uysQelTlJpX1qGlpUZYm8PnO4DxG1qBomtJUdYJ6qR6xdIah10JLg==}

  '@types/node@20.17.10':
    resolution: {integrity: sha512-/jrvh5h6NXhEauFFexRin69nA0uHJ5gwk4iDivp/DeoEua3uwCUto6PC86IpRITBOs4+6i2I56K5x5b6WYGXHA==}

  argparse@2.0.1:
    resolution: {integrity: sha512-8+9WqebbFzpX9OR+Wa6O29asIogeRMzcGtAINdpMHHyAg10f05aSFVBbcEqGf/PXw1EjAZ+q2/bEBg3DvurK3Q==}

  js-yaml@4.1.0:
    resolution: {integrity: sha512-wpxZs9NoxZaJESJGIZTyDEaYpl0FKSA+FB9aJiyemKhMwkxQg63h4T1KJgUGHpTqPDNRcmmYLugrRjJlBtWvRA==}
    hasBin: true

  typescript@5.7.2:
    resolution: {integrity: sha512-i5t66RHxDvVN40HfDd1PsEThGNnlMCMT3jMUuoh9/0TaqWevNontacunWyN02LA9/fIbEWlcHZcgTKb9QoaLfg==}
    engines: {node: '>=14.17'}
    hasBin: true

  undici-types@6.19.8:
    resolution: {integrity: sha512-ve2KP6f/JnbPBFyobGHuerC9g1FYGn/F8n1LWTwNxCEzd6IfqTwUQcNXgEtmmQ6DlRrC1hrSrBnCZPokRrDHjw==}

  zod@3.24.1:
    resolution: {integrity: sha512-muH7gBL9sI1nciMZV67X5fTKKBLtwpZ5VBp1vsOQzj1MhrBZ4wlVCm3gedKZWLp0Oyel8sIGfeiz54Su+OVT+A==}

snapshots:

  '@types/js-yaml@4.0.9': {}

  '@types/node@20.17.10':
    dependencies:
      undici-types: 6.19.8

  argparse@2.0.1: {}

  js-yaml@4.1.0:
    dependencies:
      argparse: 2.0.1

  typescript@5.7.2: {}

  undici-types@6.19.8: {}

  zod@3.24.1: {}
